
Microsoft Visual Studio Solution File, Format Version 12.00
# Visual Studio Version 16
VisualStudioVersion = 16.0.31105.61
MinimumVisualStudioVersion = 10.0.40219.1
Project("{FAE04EC0-301F-11D3-BF4B-00C04F79EFBC}") = "OrderCopier", "OrderCopier\OrderCopier.csproj", "{B75375C7-5984-44B8-BF5E-C6F8D225AFAF}"
EndProject
Global
	GlobalSection(SolutionConfigurationPlatforms) = preSolution
		Debug|Any CPU = Debug|Any CPU
		Release|Any CPU = Release|Any CPU
	EndGlobalSection
	GlobalSection(ProjectConfigurationPlatforms) = postSolution
		{B75375C7-5984-44B8-BF5E-C6F8D225AFAF}.Debug|Any CPU.ActiveCfg = Debug|Any CPU
		{B75375C7-5984-44B8-BF5E-C6F8D225AFAF}.Debug|Any CPU.Build.0 = Debug|Any CPU
		{B75375C7-5984-44B8-BF5E-C6F8D225AFAF}.Release|Any CPU.ActiveCfg = Release|Any CPU
		{B75375C7-5984-44B8-BF5E-C6F8D225AFAF}.Release|Any CPU.Build.0 = Release|Any CPU
	EndGlobalSection
	GlobalSection(SolutionProperties) = preSolution
		HideSolutionNode = FALSE
	EndGlobalSection
	GlobalSection(ExtensibilityGlobals) = postSolution
		SolutionGuid = {FFC5BC4F-8CF7-4903-86A3-37F74C9A3369}
	EndGlobalSection
EndGlobal
